
Microsoft Visual Studio Solution File, Format Version 12.00
# Visual Studio Version 16
VisualStudioVersion = 16.0.31005.135
MinimumVisualStudioVersion = 10.0.40219.1
Project("{FAE04EC0-301F-11D3-BF4B-00C04F79EFBC}") = "BooksApi", "BooksApi\BooksApi.csproj", "{F3CA4E23-EADC-4F60-8509-B4346CCFF5CD}"
EndProject
Global
	GlobalSection(SolutionConfigurationPlatforms) = preSolution
		Debug|Any CPU = Debug|Any CPU
		Release|Any CPU = Release|Any CPU
	EndGlobalSection
	GlobalSection(ProjectConfigurationPlatforms) = postSolution
		{F3CA4E23-EADC-4F60-8509-B4346CCFF5CD}.Debug|Any CPU.ActiveCfg = Debug|Any CPU
		{F3CA4E23-EADC-4F60-8509-B4346CCFF5CD}.Debug|Any CPU.Build.0 = Debug|Any CPU
		{F3CA4E23-EADC-4F60-8509-B4346CCFF5CD}.Release|Any CPU.ActiveCfg = Release|Any CPU
		{F3CA4E23-EADC-4F60-8509-B4346CCFF5CD}.Release|Any CPU.Build.0 = Release|Any CPU
	EndGlobalSection
	GlobalSection(SolutionProperties) = preSolution
		HideSolutionNode = FALSE
	EndGlobalSection
	GlobalSection(ExtensibilityGlobals) = postSolution
		SolutionGuid = {35822018-BA6D-41C7-B548-5FDF54B12449}
	EndGlobalSection
EndGlobal
